
Microsoft Visual Studio Solution File, Format Version 9.00
# Visual Studio 2005
Project("{8BC9CEB8-8B4A-11D0-8D11-00A0C91BC942}") = "RendererComplement", "..\RendererComplement\RendererComplement.vcproj", "{2FD5B030-365E-431A-8061-747A08B88A45}"
EndProject
Project("{8BC9CEB8-8B4A-11D0-8D11-00A0C91BC942}") = "QuickStart", "QuickStart\QuickStart.vcproj", "{5B99DE8C-4FE7-495C-9D82-2FB684F0C08E}"
	ProjectSection(ProjectDependencies) = postProject
		{2FD5B030-365E-431A-8061-747A08B88A45} = {2FD5B030-365E-431A-8061-747A08B88A45}
	EndProjectSection
EndProject
Project("{8BC9CEB8-8B4A-11D0-8D11-00A0C91BC942}") = "Demo_Beginning", "Demo_Beginning\Demo_Beginning.vcproj", "{8F7449E8-74BF-403C-B005-6DC912D5A76D}"
	ProjectSection(ProjectDependencies) = postProject
		{5B99DE8C-4FE7-495C-9D82-2FB684F0C08E} = {5B99DE8C-4FE7-495C-9D82-2FB684F0C08E}
	EndProjectSection
EndProject
Global
	GlobalSection(SolutionConfigurationPlatforms) = preSolution
		Debug|Win32 = Debug|Win32
		Release|Win32 = Release|Win32
	EndGlobalSection
	GlobalSection(ProjectConfigurationPlatforms) = postSolution
		{2FD5B030-365E-431A-8061-747A08B88A45}.Debug|Win32.ActiveCfg = Debug|Win32
		{2FD5B030-365E-431A-8061-747A08B88A45}.Debug|Win32.Build.0 = Debug|Win32
		{2FD5B030-365E-431A-8061-747A08B88A45}.Release|Win32.ActiveCfg = Release|Win32
		{2FD5B030-365E-431A-8061-747A08B88A45}.Release|Win32.Build.0 = Release|Win32
		{5B99DE8C-4FE7-495C-9D82-2FB684F0C08E}.Debug|Win32.ActiveCfg = Debug|Win32
		{5B99DE8C-4FE7-495C-9D82-2FB684F0C08E}.Debug|Win32.Build.0 = Debug|Win32
		{5B99DE8C-4FE7-495C-9D82-2FB684F0C08E}.Release|Win32.ActiveCfg = Release|Win32
		{5B99DE8C-4FE7-495C-9D82-2FB684F0C08E}.Release|Win32.Build.0 = Release|Win32
		{8F7449E8-74BF-403C-B005-6DC912D5A76D}.Debug|Win32.ActiveCfg = Debug|Win32
		{8F7449E8-74BF-403C-B005-6DC912D5A76D}.Debug|Win32.Build.0 = Debug|Win32
		{8F7449E8-74BF-403C-B005-6DC912D5A76D}.Release|Win32.ActiveCfg = Release|Win32
		{8F7449E8-74BF-403C-B005-6DC912D5A76D}.Release|Win32.Build.0 = Release|Win32
	EndGlobalSection
	GlobalSection(SolutionProperties) = preSolution
		HideSolutionNode = FALSE
	EndGlobalSection
EndGlobal
